// !$*UTF8*$!
{
	archiveVersion = 1;
	classes = {
	};
	objectVersion = 45;
	objects = {

/* Begin PBXBuildFile section */
		2F7446990DB6B7EA00F9684A /* MainMenu.xib in Resources */ = {isa = PBXBuildFile; fileRef = 2F7446970DB6B7EA00F9684A /* MainMenu.xib */; };
		770B37ED0679A11B001EADE2 /* iMAL_DataModel.xcdatamodel in Sources */ = {isa = PBXBuildFile; fileRef = 770B37EC0679A11B001EADE2 /* iMAL_DataModel.xcdatamodel */; };
		77C8280E06725ACE000B614F /* iMAL_AppDelegate.m in Sources */ = {isa = PBXBuildFile; fileRef = 77C8280C06725ACE000B614F /* iMAL_AppDelegate.m */; };
		7B0B9DB8102B0C2D004A3AF5 /* NSManagedObjectContext+PGZUtils.m in Sources */ = {isa = PBXBuildFile; fileRef = 7B0B9DB7102B0C2D004A3AF5 /* NSManagedObjectContext+PGZUtils.m */; };
		7B0B9DBB102B0DC5004A3AF5 /* RefreshOperation.m in Sources */ = {isa = PBXBuildFile; fileRef = 7B0B9DBA102B0DC5004A3AF5 /* RefreshOperation.m */; };
		7B0B9DC2102B0F71004A3AF5 /* Entry.m in Sources */ = {isa = PBXBuildFile; fileRef = 7B0B9DC1102B0F71004A3AF5 /* Entry.m */; };
		7B2AC6611025D5D1004559D0 /* toolbar_add.png in Resources */ = {isa = PBXBuildFile; fileRef = 7B2AC6601025D5D1004559D0 /* toolbar_add.png */; };
		7B2AC6681025D6EA004559D0 /* toolbar_refresh.png in Resources */ = {isa = PBXBuildFile; fileRef = 7B2AC6671025D6EA004559D0 /* toolbar_refresh.png */; };
		7B2AC6761025DCCC004559D0 /* SearchWindowController.m in Sources */ = {isa = PBXBuildFile; fileRef = 7B2AC6751025DCCC004559D0 /* SearchWindowController.m */; };
		7B314B251019A1A800AF0248 /* PreferencesController.m in Sources */ = {isa = PBXBuildFile; fileRef = 7B939F5610199C48007B3B7F /* PreferencesController.m */; };
		7B3B8030102C9DCF00A5D2F0 /* Repository.icns in Resources */ = {isa = PBXBuildFile; fileRef = 7B3B802F102C9DCF00A5D2F0 /* Repository.icns */; };
		7B5E36DD1036DC9000C0FA69 /* PreferencesRecognition.xib in Resources */ = {isa = PBXBuildFile; fileRef = 7B5E36DC1036DC9000C0FA69 /* PreferencesRecognition.xib */; };
		7B5E36E01036DCC300C0FA69 /* RecognitionPrefsViewController.m in Sources */ = {isa = PBXBuildFile; fileRef = 7B5E36DF1036DCC300C0FA69 /* RecognitionPrefsViewController.m */; };
		7B64251F1028795A00E87480 /* NSImage+NiceScaling.m in Sources */ = {isa = PBXBuildFile; fileRef = 7B64251E1028795A00E87480 /* NSImage+NiceScaling.m */; };
		7B64254210287C3500E87480 /* NSXMLNode+stringForXPath.m in Sources */ = {isa = PBXBuildFile; fileRef = 7B64254110287C3500E87480 /* NSXMLNode+stringForXPath.m */; };
		7B67F3F2102996520031EAC2 /* PGZCallback.m in Sources */ = {isa = PBXBuildFile; fileRef = 7B67F3F1102996520031EAC2 /* PGZCallback.m */; };
		7B69323F10355F7100F45D3C /* MangaInfoPanel.xib in Resources */ = {isa = PBXBuildFile; fileRef = 7B69323E10355F7100F45D3C /* MangaInfoPanel.xib */; };
		7B6DFCA2102DC00400A0D261 /* InfoWindowController.m in Sources */ = {isa = PBXBuildFile; fileRef = 7B6DFCA1102DC00400A0D261 /* InfoWindowController.m */; };
		7B6DFD23102DCB7000A0D261 /* UpdateOperation.m in Sources */ = {isa = PBXBuildFile; fileRef = 7B6DFD22102DCB7000A0D261 /* UpdateOperation.m */; };
		7B70955F102D6C9200FED6BA /* ListViewController.m in Sources */ = {isa = PBXBuildFile; fileRef = 7B70955E102D6C9200FED6BA /* ListViewController.m */; };
		7B74100E102992B100FB51B7 /* AddOperation.m in Sources */ = {isa = PBXBuildFile; fileRef = 7B74100D102992B100FB51B7 /* AddOperation.m */; };
		7B939F5210199C27007B3B7F /* MBPreferencesController.m in Sources */ = {isa = PBXBuildFile; fileRef = 7B939F5110199C27007B3B7F /* MBPreferencesController.m */; };
		7B939F6110199CCE007B3B7F /* GeneralPrefsViewController.m in Sources */ = {isa = PBXBuildFile; fileRef = 7B939F6010199CCE007B3B7F /* GeneralPrefsViewController.m */; };
		7B939F6310199D9C007B3B7F /* PreferencesMAL.xib in Resources */ = {isa = PBXBuildFile; fileRef = 7B939F6210199D9C007B3B7F /* PreferencesMAL.xib */; };
		7B94E786102C4D68005D6501 /* Quartz.framework in Frameworks */ = {isa = PBXBuildFile; fileRef = 7B94E785102C4D68005D6501 /* Quartz.framework */; };
		7B9610ED1026DA440053D032 /* NSString+Base64.m in Sources */ = {isa = PBXBuildFile; fileRef = 7B9610EC1026DA440053D032 /* NSString+Base64.m */; };
		7B9612741027026E0053D032 /* SearchModel.m in Sources */ = {isa = PBXBuildFile; fileRef = 7B9612731027026E0053D032 /* SearchModel.m */; };
		7B97510C1031784D0053E007 /* InfoPanel.xib in Resources */ = {isa = PBXBuildFile; fileRef = 7B97510B1031784D0053E007 /* InfoPanel.xib */; };
		7B98FB91102AF99D00173E92 /* ListView.xib in Resources */ = {isa = PBXBuildFile; fileRef = 7B98FB90102AF99D00173E92 /* ListView.xib */; };
		7B98FB9F102AFDB000173E92 /* ListWindowController.m in Sources */ = {isa = PBXBuildFile; fileRef = 7B98FB9E102AFDB000173E92 /* ListWindowController.m */; };
		7BACB5CB102B64C8009E41C9 /* ImageDownloadOperation.m in Sources */ = {isa = PBXBuildFile; fileRef = 7BACB5CA102B64C8009E41C9 /* ImageDownloadOperation.m */; };
		7BB528C010260E59000D3B0E /* SearchOperation.m in Sources */ = {isa = PBXBuildFile; fileRef = 7BB528BF10260E59000D3B0E /* SearchOperation.m */; };
		7BBBAB17102569E600E33747 /* MALPrefsViewController.m in Sources */ = {isa = PBXBuildFile; fileRef = 7BBBAB16102569E600E33747 /* MALPrefsViewController.m */; };
		7BBBAB1910256BCB00E33747 /* PreferencesGeneral.xib in Resources */ = {isa = PBXBuildFile; fileRef = 7BBBAB1810256BCB00E33747 /* PreferencesGeneral.xib */; };
		7BBBAB6C102572A500E33747 /* MALHandler.m in Sources */ = {isa = PBXBuildFile; fileRef = 7BBBAB6B102572A500E33747 /* MALHandler.m */; };
		7BBBABB110258D2B00E33747 /* RegexKit.framework in Frameworks */ = {isa = PBXBuildFile; fileRef = 7BBBABB010258D2B00E33747 /* RegexKit.framework */; };
		7BBBABB310258D8A00E33747 /* RegexKit.framework in CopyFiles */ = {isa = PBXBuildFile; fileRef = 7BBBABB010258D2B00E33747 /* RegexKit.framework */; };
		7BC945AB102D698A00F8063D /* icon.icns in Resources */ = {isa = PBXBuildFile; fileRef = 7BC945AA102D698A00F8063D /* icon.icns */; };
		7BCCF93D102C31B3000423D9 /* PGZFilterView.m in Sources */ = {isa = PBXBuildFile; fileRef = 7BCCF93C102C31B3000423D9 /* PGZFilterView.m */; };
		7BCCF98A102C382D000423D9 /* toolbar_get_info.png in Resources */ = {isa = PBXBuildFile; fileRef = 7BCCF989102C382D000423D9 /* toolbar_get_info.png */; };
		7BCD895E1036AA6A0081692E /* MPlayerHandler.m in Sources */ = {isa = PBXBuildFile; fileRef = 7BCD895D1036AA6A0081692E /* MPlayerHandler.m */; };
		7BD2337D10282BC0009447A6 /* SearchPanel.xib in Resources */ = {isa = PBXBuildFile; fileRef = 7BD2337C10282BC0009447A6 /* SearchPanel.xib */; };
		8D11072B0486CEB800E47090 /* InfoPlist.strings in Resources */ = {isa = PBXBuildFile; fileRef = 089C165CFE840E0CC02AAC07 /* InfoPlist.strings */; };
		8D11072D0486CEB800E47090 /* main.m in Sources */ = {isa = PBXBuildFile; fileRef = 29B97316FDCFA39411CA2CEA /* main.m */; settings = {ATTRIBUTES = (); }; };
		8D11072F0486CEB800E47090 /* Cocoa.framework in Frameworks */ = {isa = PBXBuildFile; fileRef = 1058C7A1FEA54F0111CA2CBB /* Cocoa.framework */; };
/* End PBXBuildFile section */

/* Begin PBXCopyFilesBuildPhase section */
		7BBBABC910258D8F00E33747 /* CopyFiles */ = {
			isa = PBXCopyFilesBuildPhase;
			buildActionMask = 2147483647;
			dstPath = "";
			dstSubfolderSpec = 10;
			files = (
				7BBBABB310258D8A00E33747 /* RegexKit.framework in CopyFiles */,
			);
			runOnlyForDeploymentPostprocessing = 0;
		};
/* End PBXCopyFilesBuildPhase section */

/* Begin PBXFileReference section */
		089C165DFE840E0CC02AAC07 /* English */ = {isa = PBXFileReference; fileEncoding = 10; lastKnownFileType = text.plist.strings; name = English; path = English.lproj/InfoPlist.strings; sourceTree = "<group>"; };
		1058C7A1FEA54F0111CA2CBB /* Cocoa.framework */ = {isa = PBXFileReference; lastKnownFileType = wrapper.framework; name = Cocoa.framework; path = /System/Library/Frameworks/Cocoa.framework; sourceTree = "<absolute>"; };
		29B97316FDCFA39411CA2CEA /* main.m */ = {isa = PBXFileReference; fileEncoding = 4; lastKnownFileType = sourcecode.c.objc; path = main.m; sourceTree = "<group>"; };
		29B97324FDCFA39411CA2CEA /* AppKit.framework */ = {isa = PBXFileReference; lastKnownFileType = wrapper.framework; name = AppKit.framework; path = /System/Library/Frameworks/AppKit.framework; sourceTree = "<absolute>"; };
		29B97325FDCFA39411CA2CEA /* Foundation.framework */ = {isa = PBXFileReference; lastKnownFileType = wrapper.framework; name = Foundation.framework; path = /System/Library/Frameworks/Foundation.framework; sourceTree = "<absolute>"; };
		2F7446980DB6B7EA00F9684A /* English */ = {isa = PBXFileReference; lastKnownFileType = file.xib; name = English; path = English.lproj/MainMenu.xib; sourceTree = "<group>"; };
		32CA4F630368D1EE00C91783 /* iMAL_Prefix.pch */ = {isa = PBXFileReference; fileEncoding = 4; lastKnownFileType = sourcecode.c.h; path = iMAL_Prefix.pch; sourceTree = "<group>"; };
		770B37EC0679A11B001EADE2 /* iMAL_DataModel.xcdatamodel */ = {isa = PBXFileReference; fileEncoding = 4; lastKnownFileType = wrapper.xcdatamodel; path = iMAL_DataModel.xcdatamodel; sourceTree = "<group>"; };
		77C82804067257F0000B614F /* CoreData.framework */ = {isa = PBXFileReference; lastKnownFileType = wrapper.framework; name = CoreData.framework; path = /System/Library/Frameworks/CoreData.framework; sourceTree = "<absolute>"; };
		77C8280B06725ACE000B614F /* iMAL_AppDelegate.h */ = {isa = PBXFileReference; fileEncoding = 4; lastKnownFileType = sourcecode.c.h; path = iMAL_AppDelegate.h; sourceTree = "<group>"; };
		77C8280C06725ACE000B614F /* iMAL_AppDelegate.m */ = {isa = PBXFileReference; fileEncoding = 4; lastKnownFileType = sourcecode.c.objc; path = iMAL_AppDelegate.m; sourceTree = "<group>"; };
		7B0B9DB6102B0C2D004A3AF5 /* NSManagedObjectContext+PGZUtils.h */ = {isa = PBXFileReference; fileEncoding = 4; lastKnownFileType = sourcecode.c.h; path = "NSManagedObjectContext+PGZUtils.h"; sourceTree = "<group>"; };
		7B0B9DB7102B0C2D004A3AF5 /* NSManagedObjectContext+PGZUtils.m */ = {isa = PBXFileReference; fileEncoding = 4; lastKnownFileType = sourcecode.c.objc; path = "NSManagedObjectContext+PGZUtils.m"; sourceTree = "<group>"; };
		7B0B9DB9102B0DC5004A3AF5 /* RefreshOperation.h */ = {isa = PBXFileReference; fileEncoding = 4; lastKnownFileType = sourcecode.c.h; path = RefreshOperation.h; sourceTree = "<group>"; };
		7B0B9DBA102B0DC5004A3AF5 /* RefreshOperation.m */ = {isa = PBXFileReference; fileEncoding = 4; lastKnownFileType = sourcecode.c.objc; path = RefreshOperation.m; sourceTree = "<group>"; };
		7B0B9DC0102B0F71004A3AF5 /* Entry.h */ = {isa = PBXFileReference; fileEncoding = 4; lastKnownFileType = sourcecode.c.h; path = Entry.h; sourceTree = "<group>"; };
		7B0B9DC1102B0F71004A3AF5 /* Entry.m */ = {isa = PBXFileReference; fileEncoding = 4; lastKnownFileType = sourcecode.c.objc; path = Entry.m; sourceTree = "<group>"; };
		7B2AC6601025D5D1004559D0 /* toolbar_add.png */ = {isa = PBXFileReference; lastKnownFileType = image.png; path = toolbar_add.png; sourceTree = "<group>"; };
		7B2AC6671025D6EA004559D0 /* toolbar_refresh.png */ = {isa = PBXFileReference; lastKnownFileType = image.png; path = toolbar_refresh.png; sourceTree = "<group>"; };
		7B2AC6741025DCCC004559D0 /* SearchWindowController.h */ = {isa = PBXFileReference; fileEncoding = 4; lastKnownFileType = sourcecode.c.h; path = SearchWindowController.h; sourceTree = "<group>"; };
		7B2AC6751025DCCC004559D0 /* SearchWindowController.m */ = {isa = PBXFileReference; fileEncoding = 4; lastKnownFileType = sourcecode.c.objc; path = SearchWindowController.m; sourceTree = "<group>"; };
		7B3B802F102C9DCF00A5D2F0 /* Repository.icns */ = {isa = PBXFileReference; lastKnownFileType = image.icns; path = Repository.icns; sourceTree = "<group>"; };
		7B5E36DC1036DC9000C0FA69 /* PreferencesRecognition.xib */ = {isa = PBXFileReference; lastKnownFileType = file.xib; path = PreferencesRecognition.xib; sourceTree = "<group>"; };
		7B5E36DE1036DCC300C0FA69 /* RecognitionPrefsViewController.h */ = {isa = PBXFileReference; fileEncoding = 4; lastKnownFileType = sourcecode.c.h; path = RecognitionPrefsViewController.h; sourceTree = "<group>"; };
		7B5E36DF1036DCC300C0FA69 /* RecognitionPrefsViewController.m */ = {isa = PBXFileReference; fileEncoding = 4; lastKnownFileType = sourcecode.c.objc; path = RecognitionPrefsViewController.m; sourceTree = "<group>"; };
		7B64251D1028795A00E87480 /* NSImage+NiceScaling.h */ = {isa = PBXFileReference; fileEncoding = 4; lastKnownFileType = sourcecode.c.h; path = "NSImage+NiceScaling.h"; sourceTree = "<group>"; };
		7B64251E1028795A00E87480 /* NSImage+NiceScaling.m */ = {isa = PBXFileReference; fileEncoding = 4; lastKnownFileType = sourcecode.c.objc; path = "NSImage+NiceScaling.m"; sourceTree = "<group>"; };
		7B64254010287C3500E87480 /* NSXMLNode+stringForXPath.h */ = {isa = PBXFileReference; fileEncoding = 4; lastKnownFileType = sourcecode.c.h; path = "NSXMLNode+stringForXPath.h"; sourceTree = "<group>"; };
		7B64254110287C3500E87480 /* NSXMLNode+stringForXPath.m */ = {isa = PBXFileReference; fileEncoding = 4; lastKnownFileType = sourcecode.c.objc; path = "NSXMLNode+stringForXPath.m"; sourceTree = "<group>"; };
		7B67F3F0102996520031EAC2 /* PGZCallback.h */ = {isa = PBXFileReference; fileEncoding = 4; lastKnownFileType = sourcecode.c.h; path = PGZCallback.h; sourceTree = "<group>"; };
		7B67F3F1102996520031EAC2 /* PGZCallback.m */ = {isa = PBXFileReference; fileEncoding = 4; lastKnownFileType = sourcecode.c.objc; path = PGZCallback.m; sourceTree = "<group>"; };
		7B69323E10355F7100F45D3C /* MangaInfoPanel.xib */ = {isa = PBXFileReference; lastKnownFileType = file.xib; path = MangaInfoPanel.xib; sourceTree = "<group>"; };
		7B6DFCA0102DC00400A0D261 /* InfoWindowController.h */ = {isa = PBXFileReference; fileEncoding = 4; lastKnownFileType = sourcecode.c.h; path = InfoWindowController.h; sourceTree = "<group>"; };
		7B6DFCA1102DC00400A0D261 /* InfoWindowController.m */ = {isa = PBXFileReference; fileEncoding = 4; lastKnownFileType = sourcecode.c.objc; path = InfoWindowController.m; sourceTree = "<group>"; };
		7B6DFD21102DCB7000A0D261 /* UpdateOperation.h */ = {isa = PBXFileReference; fileEncoding = 4; lastKnownFileType = sourcecode.c.h; path = UpdateOperation.h; sourceTree = "<group>"; };
		7B6DFD22102DCB7000A0D261 /* UpdateOperation.m */ = {isa = PBXFileReference; fileEncoding = 4; lastKnownFileType = sourcecode.c.objc; path = UpdateOperation.m; sourceTree = "<group>"; };
		7B70955D102D6C9200FED6BA /* ListViewController.h */ = {isa = PBXFileReference; fileEncoding = 4; lastKnownFileType = sourcecode.c.h; path = ListViewController.h; sourceTree = "<group>"; };
		7B70955E102D6C9200FED6BA /* ListViewController.m */ = {isa = PBXFileReference; fileEncoding = 4; lastKnownFileType = sourcecode.c.objc; path = ListViewController.m; sourceTree = "<group>"; };
		7B74100C102992B100FB51B7 /* AddOperation.h */ = {isa = PBXFileReference; fileEncoding = 4; lastKnownFileType = sourcecode.c.h; path = AddOperation.h; sourceTree = "<group>"; };
		7B74100D102992B100FB51B7 /* AddOperation.m */ = {isa = PBXFileReference; fileEncoding = 4; lastKnownFileType = sourcecode.c.objc; path = AddOperation.m; sourceTree = "<group>"; };
		7B939F5010199C27007B3B7F /* MBPreferencesController.h */ = {isa = PBXFileReference; fileEncoding = 4; lastKnownFileType = sourcecode.c.h; path = MBPreferencesController.h; sourceTree = "<group>"; };
		7B939F5110199C27007B3B7F /* MBPreferencesController.m */ = {isa = PBXFileReference; fileEncoding = 4; lastKnownFileType = sourcecode.c.objc; path = MBPreferencesController.m; sourceTree = "<group>"; };
		7B939F5510199C48007B3B7F /* PreferencesController.h */ = {isa = PBXFileReference; fileEncoding = 4; lastKnownFileType = sourcecode.c.h; path = PreferencesController.h; sourceTree = "<group>"; };
		7B939F5610199C48007B3B7F /* PreferencesController.m */ = {isa = PBXFileReference; fileEncoding = 4; lastKnownFileType = sourcecode.c.objc; path = PreferencesController.m; sourceTree = "<group>"; };
		7B939F5F10199CCE007B3B7F /* GeneralPrefsViewController.h */ = {isa = PBXFileReference; fileEncoding = 4; lastKnownFileType = sourcecode.c.h; path = GeneralPrefsViewController.h; sourceTree = "<group>"; };
		7B939F6010199CCE007B3B7F /* GeneralPrefsViewController.m */ = {isa = PBXFileReference; fileEncoding = 4; lastKnownFileType = sourcecode.c.objc; path = GeneralPrefsViewController.m; sourceTree = "<group>"; };
		7B939F6210199D9C007B3B7F /* PreferencesMAL.xib */ = {isa = PBXFileReference; lastKnownFileType = file.xib; path = PreferencesMAL.xib; sourceTree = "<group>"; };
		7B94E785102C4D68005D6501 /* Quartz.framework */ = {isa = PBXFileReference; lastKnownFileType = wrapper.framework; name = Quartz.framework; path = /System/Library/Frameworks/Quartz.framework; sourceTree = "<absolute>"; };
		7B9610EB1026DA440053D032 /* NSString+Base64.h */ = {isa = PBXFileReference; fileEncoding = 4; lastKnownFileType = sourcecode.c.h; path = "NSString+Base64.h"; sourceTree = "<group>"; };
		7B9610EC1026DA440053D032 /* NSString+Base64.m */ = {isa = PBXFileReference; fileEncoding = 4; lastKnownFileType = sourcecode.c.objc; path = "NSString+Base64.m"; sourceTree = "<group>"; };
		7B9612721027026E0053D032 /* SearchModel.h */ = {isa = PBXFileReference; fileEncoding = 4; lastKnownFileType = sourcecode.c.h; path = SearchModel.h; sourceTree = "<group>"; };
		7B9612731027026E0053D032 /* SearchModel.m */ = {isa = PBXFileReference; fileEncoding = 4; lastKnownFileType = sourcecode.c.objc; path = SearchModel.m; sourceTree = "<group>"; };
		7B97510B1031784D0053E007 /* InfoPanel.xib */ = {isa = PBXFileReference; lastKnownFileType = file.xib; path = InfoPanel.xib; sourceTree = "<group>"; };
		7B98FB90102AF99D00173E92 /* ListView.xib */ = {isa = PBXFileReference; lastKnownFileType = file.xib; path = ListView.xib; sourceTree = "<group>"; };
		7B98FB9D102AFDB000173E92 /* ListWindowController.h */ = {isa = PBXFileReference; fileEncoding = 4; lastKnownFileType = sourcecode.c.h; path = ListWindowController.h; sourceTree = "<group>"; };
		7B98FB9E102AFDB000173E92 /* ListWindowController.m */ = {isa = PBXFileReference; fileEncoding = 4; lastKnownFileType = sourcecode.c.objc; path = ListWindowController.m; sourceTree = "<group>"; };
		7BACB5C9102B64C8009E41C9 /* ImageDownloadOperation.h */ = {isa = PBXFileReference; fileEncoding = 4; lastKnownFileType = sourcecode.c.h; path = ImageDownloadOperation.h; sourceTree = "<group>"; };
		7BACB5CA102B64C8009E41C9 /* ImageDownloadOperation.m */ = {isa = PBXFileReference; fileEncoding = 4; lastKnownFileType = sourcecode.c.objc; path = ImageDownloadOperation.m; sourceTree = "<group>"; };
		7BB528BE10260E59000D3B0E /* SearchOperation.h */ = {isa = PBXFileReference; fileEncoding = 4; lastKnownFileType = sourcecode.c.h; path = SearchOperation.h; sourceTree = "<group>"; };
		7BB528BF10260E59000D3B0E /* SearchOperation.m */ = {isa = PBXFileReference; fileEncoding = 4; lastKnownFileType = sourcecode.c.objc; path = SearchOperation.m; sourceTree = "<group>"; };
		7BBBAB15102569E600E33747 /* MALPrefsViewController.h */ = {isa = PBXFileReference; fileEncoding = 4; lastKnownFileType = sourcecode.c.h; path = MALPrefsViewController.h; sourceTree = "<group>"; };
		7BBBAB16102569E600E33747 /* MALPrefsViewController.m */ = {isa = PBXFileReference; fileEncoding = 4; lastKnownFileType = sourcecode.c.objc; path = MALPrefsViewController.m; sourceTree = "<group>"; };
		7BBBAB1810256BCB00E33747 /* PreferencesGeneral.xib */ = {isa = PBXFileReference; lastKnownFileType = file.xib; path = PreferencesGeneral.xib; sourceTree = "<group>"; };
		7BBBAB6A102572A500E33747 /* MALHandler.h */ = {isa = PBXFileReference; fileEncoding = 4; lastKnownFileType = sourcecode.c.h; path = MALHandler.h; sourceTree = "<group>"; };
		7BBBAB6B102572A500E33747 /* MALHandler.m */ = {isa = PBXFileReference; fileEncoding = 4; lastKnownFileType = sourcecode.c.objc; path = MALHandler.m; sourceTree = "<group>"; };
		7BBBABB010258D2B00E33747 /* RegexKit.framework */ = {isa = PBXFileReference; lastKnownFileType = wrapper.framework; name = RegexKit.framework; path = Local/Frameworks/RegexKit.framework; sourceTree = DEVELOPER_DIR; };
		7BC945AA102D698A00F8063D /* icon.icns */ = {isa = PBXFileReference; lastKnownFileType = image.icns; path = icon.icns; sourceTree = "<group>"; };
		7BCCF93B102C31B3000423D9 /* PGZFilterView.h */ = {isa = PBXFileReference; fileEncoding = 4; lastKnownFileType = sourcecode.c.h; path = PGZFilterView.h; sourceTree = "<group>"; };
		7BCCF93C102C31B3000423D9 /* PGZFilterView.m */ = {isa = PBXFileReference; fileEncoding = 4; lastKnownFileType = sourcecode.c.objc; path = PGZFilterView.m; sourceTree = "<group>"; };
		7BCCF989102C382D000423D9 /* toolbar_get_info.png */ = {isa = PBXFileReference; lastKnownFileType = image.png; path = toolbar_get_info.png; sourceTree = "<group>"; };
		7BCD895C1036AA6A0081692E /* MPlayerHandler.h */ = {isa = PBXFileReference; fileEncoding = 4; lastKnownFileType = sourcecode.c.h; path = MPlayerHandler.h; sourceTree = "<group>"; };
		7BCD895D1036AA6A0081692E /* MPlayerHandler.m */ = {isa = PBXFileReference; fileEncoding = 4; lastKnownFileType = sourcecode.c.objc; path = MPlayerHandler.m; sourceTree = "<group>"; };
		7BD2337C10282BC0009447A6 /* SearchPanel.xib */ = {isa = PBXFileReference; lastKnownFileType = file.xib; path = SearchPanel.xib; sourceTree = "<group>"; };
		8D1107310486CEB800E47090 /* Info.plist */ = {isa = PBXFileReference; fileEncoding = 4; lastKnownFileType = text.plist; path = Info.plist; sourceTree = "<group>"; };
		8D1107320486CEB800E47090 /* iMAL.app */ = {isa = PBXFileReference; explicitFileType = wrapper.application; includeInIndex = 0; path = iMAL.app; sourceTree = BUILT_PRODUCTS_DIR; };
/* End PBXFileReference section */

/* Begin PBXFrameworksBuildPhase section */
		8D11072E0486CEB800E47090 /* Frameworks */ = {
			isa = PBXFrameworksBuildPhase;
			buildActionMask = 2147483647;
			files = (
				8D11072F0486CEB800E47090 /* Cocoa.framework in Frameworks */,
				7BBBABB110258D2B00E33747 /* RegexKit.framework in Frameworks */,
				7B94E786102C4D68005D6501 /* Quartz.framework in Frameworks */,
			);
			runOnlyForDeploymentPostprocessing = 0;
		};
/* End PBXFrameworksBuildPhase section */

/* Begin PBXGroup section */
		080E96DDFE201D6D7F000001 /* Classes */ = {
			isa = PBXGroup;
			children = (
				7BCD895B1036AA100081692E /* Recognition */,
				7BCCF93A102C31A6000423D9 /* Widgets */,
				7B98FB94102AFB3200173E92 /* List */,
				7BD2336E10282B1B009447A6 /* Search */,
				7B9610C81026D9D40053D032 /* Categories */,
				7BB528BD10260E3C000D3B0E /* Network */,
				7B939F4810199C05007B3B7F /* Preferences */,
				77C8280B06725ACE000B614F /* iMAL_AppDelegate.h */,
				77C8280C06725ACE000B614F /* iMAL_AppDelegate.m */,
			);
			name = Classes;
			sourceTree = "<group>";
		};
		1058C7A0FEA54F0111CA2CBB /* Linked Frameworks */ = {
			isa = PBXGroup;
			children = (
				7B94E785102C4D68005D6501 /* Quartz.framework */,
				7BBBABB010258D2B00E33747 /* RegexKit.framework */,
				1058C7A1FEA54F0111CA2CBB /* Cocoa.framework */,
			);
			name = "Linked Frameworks";
			sourceTree = "<group>";
		};
		1058C7A2FEA54F0111CA2CBB /* Other Frameworks */ = {
			isa = PBXGroup;
			children = (
				77C82804067257F0000B614F /* CoreData.framework */,
				29B97325FDCFA39411CA2CEA /* Foundation.framework */,
				29B97324FDCFA39411CA2CEA /* AppKit.framework */,
			);
			name = "Other Frameworks";
			sourceTree = "<group>";
		};
		19C28FACFE9D520D11CA2CBB /* Products */ = {
			isa = PBXGroup;
			children = (
				8D1107320486CEB800E47090 /* iMAL.app */,
			);
			name = Products;
			sourceTree = "<group>";
		};
		29B97314FDCFA39411CA2CEA /* iMAL */ = {
			isa = PBXGroup;
			children = (
				7756732906782D8800D1FEB8 /* Models */,
				080E96DDFE201D6D7F000001 /* Classes */,
				29B97315FDCFA39411CA2CEA /* Other Sources */,
				29B97317FDCFA39411CA2CEA /* Resources */,
				29B97323FDCFA39411CA2CEA /* Frameworks */,
				19C28FACFE9D520D11CA2CBB /* Products */,
			);
			name = iMAL;
			sourceTree = "<group>";
		};
		29B97315FDCFA39411CA2CEA /* Other Sources */ = {
			isa = PBXGroup;
			children = (
				32CA4F630368D1EE00C91783 /* iMAL_Prefix.pch */,
				29B97316FDCFA39411CA2CEA /* main.m */,
			);
			name = "Other Sources";
			sourceTree = "<group>";
		};
		29B97317FDCFA39411CA2CEA /* Resources */ = {
			isa = PBXGroup;
			children = (
				7B2AC6621025D5D5004559D0 /* Images */,
				8D1107310486CEB800E47090 /* Info.plist */,
				089C165CFE840E0CC02AAC07 /* InfoPlist.strings */,
				2F7446970DB6B7EA00F9684A /* MainMenu.xib */,
				7B939F6210199D9C007B3B7F /* PreferencesMAL.xib */,
				7BBBAB1810256BCB00E33747 /* PreferencesGeneral.xib */,
				7BD2337C10282BC0009447A6 /* SearchPanel.xib */,
				7B98FB90102AF99D00173E92 /* ListView.xib */,
				7B97510B1031784D0053E007 /* InfoPanel.xib */,
				7B69323E10355F7100F45D3C /* MangaInfoPanel.xib */,
				7B5E36DC1036DC9000C0FA69 /* PreferencesRecognition.xib */,
			);
			name = Resources;
			sourceTree = "<group>";
		};
		29B97323FDCFA39411CA2CEA /* Frameworks */ = {
			isa = PBXGroup;
			children = (
				1058C7A0FEA54F0111CA2CBB /* Linked Frameworks */,
				1058C7A2FEA54F0111CA2CBB /* Other Frameworks */,
			);
			name = Frameworks;
			sourceTree = "<group>";
		};
		7756732906782D8800D1FEB8 /* Models */ = {
			isa = PBXGroup;
			children = (
				770B37EC0679A11B001EADE2 /* iMAL_DataModel.xcdatamodel */,
				7B9612721027026E0053D032 /* SearchModel.h */,
				7B9612731027026E0053D032 /* SearchModel.m */,
				7B0B9DC0102B0F71004A3AF5 /* Entry.h */,
				7B0B9DC1102B0F71004A3AF5 /* Entry.m */,
			);
			name = Models;
			sourceTree = "<group>";
		};
		7B2AC6621025D5D5004559D0 /* Images */ = {
			isa = PBXGroup;
			children = (
				7BC945AA102D698A00F8063D /* icon.icns */,
				7B3B802F102C9DCF00A5D2F0 /* Repository.icns */,
				7BCCF989102C382D000423D9 /* toolbar_get_info.png */,
				7B2AC6671025D6EA004559D0 /* toolbar_refresh.png */,
				7B2AC6601025D5D1004559D0 /* toolbar_add.png */,
			);
			name = Images;
			sourceTree = "<group>";
		};
		7B939F4810199C05007B3B7F /* Preferences */ = {
			isa = PBXGroup;
			children = (
				7B939F5010199C27007B3B7F /* MBPreferencesController.h */,
				7B939F5110199C27007B3B7F /* MBPreferencesController.m */,
				7B939F5510199C48007B3B7F /* PreferencesController.h */,
				7B939F5610199C48007B3B7F /* PreferencesController.m */,
				7B939F5F10199CCE007B3B7F /* GeneralPrefsViewController.h */,
				7B939F6010199CCE007B3B7F /* GeneralPrefsViewController.m */,
				7BBBAB15102569E600E33747 /* MALPrefsViewController.h */,
				7BBBAB16102569E600E33747 /* MALPrefsViewController.m */,
				7B5E36DE1036DCC300C0FA69 /* RecognitionPrefsViewController.h */,
				7B5E36DF1036DCC300C0FA69 /* RecognitionPrefsViewController.m */,
			);
			name = Preferences;
			sourceTree = "<group>";
		};
		7B9610C81026D9D40053D032 /* Categories */ = {
			isa = PBXGroup;
			children = (
				7B64251D1028795A00E87480 /* NSImage+NiceScaling.h */,
				7B64251E1028795A00E87480 /* NSImage+NiceScaling.m */,
				7B9610EB1026DA440053D032 /* NSString+Base64.h */,
				7B9610EC1026DA440053D032 /* NSString+Base64.m */,
				7B64254010287C3500E87480 /* NSXMLNode+stringForXPath.h */,
				7B64254110287C3500E87480 /* NSXMLNode+stringForXPath.m */,
				7B0B9DB6102B0C2D004A3AF5 /* NSManagedObjectContext+PGZUtils.h */,
				7B0B9DB7102B0C2D004A3AF5 /* NSManagedObjectContext+PGZUtils.m */,
			);
			name = Categories;
			sourceTree = "<group>";
		};
		7B98FB94102AFB3200173E92 /* List */ = {
			isa = PBXGroup;
			children = (
				7B98FB9D102AFDB000173E92 /* ListWindowController.h */,
				7B98FB9E102AFDB000173E92 /* ListWindowController.m */,
				7B70955D102D6C9200FED6BA /* ListViewController.h */,
				7B70955E102D6C9200FED6BA /* ListViewController.m */,
				7B6DFCA0102DC00400A0D261 /* InfoWindowController.h */,
				7B6DFCA1102DC00400A0D261 /* InfoWindowController.m */,
			);
			name = List;
			sourceTree = "<group>";
		};
		7BB528BD10260E3C000D3B0E /* Network */ = {
			isa = PBXGroup;
			children = (
				7BBBAB6A102572A500E33747 /* MALHandler.h */,
				7BBBAB6B102572A500E33747 /* MALHandler.m */,
				7BB528BE10260E59000D3B0E /* SearchOperation.h */,
				7BB528BF10260E59000D3B0E /* SearchOperation.m */,
				7B74100C102992B100FB51B7 /* AddOperation.h */,
				7B74100D102992B100FB51B7 /* AddOperation.m */,
				7B67F3F0102996520031EAC2 /* PGZCallback.h */,
				7B67F3F1102996520031EAC2 /* PGZCallback.m */,
				7B0B9DB9102B0DC5004A3AF5 /* RefreshOperation.h */,
				7B0B9DBA102B0DC5004A3AF5 /* RefreshOperation.m */,
				7BACB5C9102B64C8009E41C9 /* ImageDownloadOperation.h */,
				7BACB5CA102B64C8009E41C9 /* ImageDownloadOperation.m */,
				7B6DFD21102DCB7000A0D261 /* UpdateOperation.h */,
				7B6DFD22102DCB7000A0D261 /* UpdateOperation.m */,
			);
			name = Network;
			sourceTree = "<group>";
		};
		7BCCF93A102C31A6000423D9 /* Widgets */ = {
			isa = PBXGroup;
			children = (
				7BCCF93B102C31B3000423D9 /* PGZFilterView.h */,
				7BCCF93C102C31B3000423D9 /* PGZFilterView.m */,
			);
			name = Widgets;
			sourceTree = "<group>";
		};
		7BCD895B1036AA100081692E /* Recognition */ = {
			isa = PBXGroup;
			children = (
				7BCD895C1036AA6A0081692E /* MPlayerHandler.h */,
				7BCD895D1036AA6A0081692E /* MPlayerHandler.m */,
			);
			name = Recognition;
			sourceTree = "<group>";
		};
		7BD2336E10282B1B009447A6 /* Search */ = {
			isa = PBXGroup;
			children = (
				7B2AC6741025DCCC004559D0 /* SearchWindowController.h */,
				7B2AC6751025DCCC004559D0 /* SearchWindowController.m */,
			);
			name = Search;
			sourceTree = "<group>";
		};
/* End PBXGroup section */

/* Begin PBXNativeTarget section */
		8D1107260486CEB800E47090 /* iMAL */ = {
			isa = PBXNativeTarget;
			buildConfigurationList = 26FC0A840875C7B200E6366F /* Build configuration list for PBXNativeTarget "iMAL" */;
			buildPhases = (
				8D1107290486CEB800E47090 /* Resources */,
				8D11072C0486CEB800E47090 /* Sources */,
				8D11072E0486CEB800E47090 /* Frameworks */,
				7BBBABC910258D8F00E33747 /* CopyFiles */,
			);
			buildRules = (
			);
			dependencies = (
			);
			name = iMAL;
			productInstallPath = "$(HOME)/Applications";
			productName = iMAL;
			productReference = 8D1107320486CEB800E47090 /* iMAL.app */;
			productType = "com.apple.product-type.application";
		};
/* End PBXNativeTarget section */

/* Begin PBXProject section */
		29B97313FDCFA39411CA2CEA /* Project object */ = {
			isa = PBXProject;
			buildConfigurationList = 26FC0A880875C7B200E6366F /* Build configuration list for PBXProject "iMAL" */;
			compatibilityVersion = "Xcode 3.1";
			hasScannedForEncodings = 1;
			mainGroup = 29B97314FDCFA39411CA2CEA /* iMAL */;
			projectDirPath = "";
			projectRoot = "";
			targets = (
				8D1107260486CEB800E47090 /* iMAL */,
			);
		};
/* End PBXProject section */

/* Begin PBXResourcesBuildPhase section */
		8D1107290486CEB800E47090 /* Resources */ = {
			isa = PBXResourcesBuildPhase;
			buildActionMask = 2147483647;
			files = (
				8D11072B0486CEB800E47090 /* InfoPlist.strings in Resources */,
				2F7446990DB6B7EA00F9684A /* MainMenu.xib in Resources */,
				7B939F6310199D9C007B3B7F /* PreferencesMAL.xib in Resources */,
				7BBBAB1910256BCB00E33747 /* PreferencesGeneral.xib in Resources */,
				7B2AC6611025D5D1004559D0 /* toolbar_add.png in Resources */,
				7B2AC6681025D6EA004559D0 /* toolbar_refresh.png in Resources */,
				7BD2337D10282BC0009447A6 /* SearchPanel.xib in Resources */,
				7B98FB91102AF99D00173E92 /* ListView.xib in Resources */,
				7BCCF98A102C382D000423D9 /* toolbar_get_info.png in Resources */,
				7B3B8030102C9DCF00A5D2F0 /* Repository.icns in Resources */,
				7BC945AB102D698A00F8063D /* icon.icns in Resources */,
				7B97510C1031784D0053E007 /* InfoPanel.xib in Resources */,
				7B69323F10355F7100F45D3C /* MangaInfoPanel.xib in Resources */,
				7B5E36DD1036DC9000C0FA69 /* PreferencesRecognition.xib in Resources */,
			);
			runOnlyForDeploymentPostprocessing = 0;
		};
/* End PBXResourcesBuildPhase section */

/* Begin PBXSourcesBuildPhase section */
		8D11072C0486CEB800E47090 /* Sources */ = {
			isa = PBXSourcesBuildPhase;
			buildActionMask = 2147483647;
			files = (
				8D11072D0486CEB800E47090 /* main.m in Sources */,
				77C8280E06725ACE000B614F /* iMAL_AppDelegate.m in Sources */,
				770B37ED0679A11B001EADE2 /* iMAL_DataModel.xcdatamodel in Sources */,
				7B939F5210199C27007B3B7F /* MBPreferencesController.m in Sources */,
				7B939F6110199CCE007B3B7F /* GeneralPrefsViewController.m in Sources */,
				7B314B251019A1A800AF0248 /* PreferencesController.m in Sources */,
				7BBBAB17102569E600E33747 /* MALPrefsViewController.m in Sources */,
				7BBBAB6C102572A500E33747 /* MALHandler.m in Sources */,
				7B2AC6761025DCCC004559D0 /* SearchWindowController.m in Sources */,
				7BB528C010260E59000D3B0E /* SearchOperation.m in Sources */,
				7B9610ED1026DA440053D032 /* NSString+Base64.m in Sources */,
				7B9612741027026E0053D032 /* SearchModel.m in Sources */,
				7B64251F1028795A00E87480 /* NSImage+NiceScaling.m in Sources */,
				7B64254210287C3500E87480 /* NSXMLNode+stringForXPath.m in Sources */,
				7B74100E102992B100FB51B7 /* AddOperation.m in Sources */,
				7B67F3F2102996520031EAC2 /* PGZCallback.m in Sources */,
				7B98FB9F102AFDB000173E92 /* ListWindowController.m in Sources */,
				7B0B9DB8102B0C2D004A3AF5 /* NSManagedObjectContext+PGZUtils.m in Sources */,
				7B0B9DBB102B0DC5004A3AF5 /* RefreshOperation.m in Sources */,
				7B0B9DC2102B0F71004A3AF5 /* Entry.m in Sources */,
				7BACB5CB102B64C8009E41C9 /* ImageDownloadOperation.m in Sources */,
				7BCCF93D102C31B3000423D9 /* PGZFilterView.m in Sources */,
				7B70955F102D6C9200FED6BA /* ListViewController.m in Sources */,
				7B6DFCA2102DC00400A0D261 /* InfoWindowController.m in Sources */,
				7B6DFD23102DCB7000A0D261 /* UpdateOperation.m in Sources */,
				7BCD895E1036AA6A0081692E /* MPlayerHandler.m in Sources */,
				7B5E36E01036DCC300C0FA69 /* RecognitionPrefsViewController.m in Sources */,
			);
			runOnlyForDeploymentPostprocessing = 0;
		};
/* End PBXSourcesBuildPhase section */

/* Begin PBXVariantGroup section */
		089C165CFE840E0CC02AAC07 /* InfoPlist.strings */ = {
			isa = PBXVariantGroup;
			children = (
				089C165DFE840E0CC02AAC07 /* English */,
			);
			name = InfoPlist.strings;
			sourceTree = "<group>";
		};
		2F7446970DB6B7EA00F9684A /* MainMenu.xib */ = {
			isa = PBXVariantGroup;
			children = (
				2F7446980DB6B7EA00F9684A /* English */,
			);
			name = MainMenu.xib;
			sourceTree = "<group>";
		};
/* End PBXVariantGroup section */

/* Begin XCBuildConfiguration section */
		26FC0A850875C7B200E6366F /* Debug */ = {
			isa = XCBuildConfiguration;
			buildSettings = {
				COPY_PHASE_STRIP = NO;
				FRAMEWORK_SEARCH_PATHS = (
					"$(inherited)",
					"\"$(DEVELOPER_DIR)/Local/Frameworks\"",
				);
				GCC_DYNAMIC_NO_PIC = NO;
				GCC_ENABLE_FIX_AND_CONTINUE = YES;
				GCC_ENABLE_OBJC_EXCEPTIONS = YES;
				GCC_ENABLE_OBJC_GC = unsupported;
				GCC_MODEL_TUNING = G5;
				GCC_OPTIMIZATION_LEVEL = 0;
				GCC_PRECOMPILE_PREFIX_HEADER = YES;
				GCC_PREFIX_HEADER = iMAL_Prefix.pch;
				GCC_PREPROCESSOR_DEFINITIONS = DEBUG;
				INFOPLIST_FILE = Info.plist;
				INSTALL_PATH = "$(HOME)/Applications";
				PRODUCT_NAME = iMAL;
				WRAPPER_EXTENSION = app;
			};
			name = Debug;
		};
		26FC0A860875C7B200E6366F /* Release */ = {
			isa = XCBuildConfiguration;
			buildSettings = {
				DEBUG_INFORMATION_FORMAT = "dwarf-with-dsym";
				FRAMEWORK_SEARCH_PATHS = (
					"$(inherited)",
					"\"$(DEVELOPER_DIR)/Local/Frameworks\"",
				);
				GCC_ENABLE_OBJC_EXCEPTIONS = YES;
				GCC_ENABLE_OBJC_GC = unsupported;
				GCC_MODEL_TUNING = G5;
				GCC_PRECOMPILE_PREFIX_HEADER = YES;
				GCC_PREFIX_HEADER = iMAL_Prefix.pch;
				INFOPLIST_FILE = Info.plist;
				INSTALL_PATH = "$(HOME)/Applications";
				PRODUCT_NAME = iMAL;
				WRAPPER_EXTENSION = app;
			};
			name = Release;
		};
		26FC0A890875C7B200E6366F /* Debug */ = {
			isa = XCBuildConfiguration;
			buildSettings = {
				ARCHS = "$(ARCHS_STANDARD_32_BIT)";
				GCC_C_LANGUAGE_STANDARD = c99;
				GCC_WARN_ABOUT_RETURN_TYPE = YES;
				GCC_WARN_UNUSED_VARIABLE = YES;
				ONLY_ACTIVE_ARCH = YES;
				PREBINDING = NO;
				SDKROOT = macosx10.5;
			};
			name = Debug;
		};
		26FC0A8A0875C7B200E6366F /* Release */ = {
			isa = XCBuildConfiguration;
			buildSettings = {
				ARCHS = "$(ARCHS_STANDARD_32_BIT)";
				GCC_C_LANGUAGE_STANDARD = c99;
				GCC_WARN_ABOUT_RETURN_TYPE = YES;
				GCC_WARN_UNUSED_VARIABLE = YES;
				PREBINDING = NO;
				SDKROOT = macosx10.5;
			};
			name = Release;
		};
/* End XCBuildConfiguration section */

/* Begin XCConfigurationList section */
		26FC0A840875C7B200E6366F /* Build configuration list for PBXNativeTarget "iMAL" */ = {
			isa = XCConfigurationList;
			buildConfigurations = (
				26FC0A850875C7B200E6366F /* Debug */,
				26FC0A860875C7B200E6366F /* Release */,
			);
			defaultConfigurationIsVisible = 0;
			defaultConfigurationName = Release;
		};
		26FC0A880875C7B200E6366F /* Build configuration list for PBXProject "iMAL" */ = {
			isa = XCConfigurationList;
			buildConfigurations = (
				26FC0A890875C7B200E6366F /* Debug */,
				26FC0A8A0875C7B200E6366F /* Release */,
			);
			defaultConfigurationIsVisible = 0;
			defaultConfigurationName = Release;
		};
/* End XCConfigurationList section */
	};
	rootObject = 29B97313FDCFA39411CA2CEA /* Project object */;
}
